
Microsoft Visual Studio Solution File, Format Version 12.00
# Visual Studio 15
VisualStudioVersion = 15.0.26430.16
MinimumVisualStudioVersion = 10.0.40219.1
Project("{9092AA53-FB77-4645-B42D-1CCCA6BD08BD}") = "Sample", "Sample\Sample\Sample.njsproj", "{C558364D-799F-48E1-ACD4-06AD2144C503}"
EndProject
Global
	GlobalSection(SolutionConfigurationPlatforms) = preSolution
		Debug|Any CPU = Debug|Any CPU
		Release|Any CPU = Release|Any CPU
	EndGlobalSection
	GlobalSection(ProjectConfigurationPlatforms) = postSolution
		{C558364D-799F-48E1-ACD4-06AD2144C503}.Debug|Any CPU.ActiveCfg = Debug|Any CPU
		{C558364D-799F-48E1-ACD4-06AD2144C503}.Debug|Any CPU.Build.0 = Debug|Any CPU
		{C558364D-799F-48E1-ACD4-06AD2144C503}.Release|Any CPU.ActiveCfg = Release|Any CPU
		{C558364D-799F-48E1-ACD4-06AD2144C503}.Release|Any CPU.Build.0 = Release|Any CPU
	EndGlobalSection
	GlobalSection(SolutionProperties) = preSolution
		HideSolutionNode = FALSE
	EndGlobalSection
EndGlobal
